// !$*UTF8*$!
{
	archiveVersion = 1;
	classes = {
	};
	objectVersion = 46;
	objects = {

/* Begin PBXBuildFile section */
		B3FBFECB4EB88E6C05994AC6 /* main.m in Sources */ = {isa = PBXBuildFile; fileRef = B3FBFA24379AE65721F32107 /* main.m */; };
/* End PBXBuildFile section */

/* Begin PBXCopyFilesBuildPhase section */
		B3FBF27B67D6C0D8A92FD7EF /* CopyFiles */ = {
			isa = PBXCopyFilesBuildPhase;
			buildActionMask = 2147483647;
			dstPath = /usr/share/man/man1/;
			dstSubfolderSpec = 0;
			files = (
			);
			runOnlyForDeploymentPostprocessing = 1;
		};
/* End PBXCopyFilesBuildPhase section */

/* Begin PBXFileReference section */
		B3FBF42BEA0E4D727961641B /* MTPrivilegedHelper */ = {isa = PBXFileReference; explicitFileType = "compiled.mach-o.executable"; includeInIndex = 0; path = MTPrivilegedHelper; sourceTree = BUILT_PRODUCTS_DIR; };
		B3FBFA24379AE65721F32107 /* main.m */ = {isa = PBXFileReference; lastKnownFileType = sourcecode.c.objc; path = main.m; sourceTree = "<group>"; };
		B3FBFC34FAF8D2AA87DC457D /* MTPrivilegedHelper-Launchd.plist */ = {isa = PBXFileReference; fileEncoding = 4; lastKnownFileType = text.plist; path = "MTPrivilegedHelper-Launchd.plist"; sourceTree = "<group>"; };
		B3FBFED0C8D628FC143D88BD /* MTPrivilegedHelper-Info.plist */ = {isa = PBXFileReference; fileEncoding = 4; lastKnownFileType = text.plist.info; path = "MTPrivilegedHelper-Info.plist"; sourceTree = "<group>"; };
/* End PBXFileReference section */

/* Begin PBXFrameworksBuildPhase section */
		B3FBFB0E82863C2127043243 /* Frameworks */ = {
			isa = PBXFrameworksBuildPhase;
			buildActionMask = 2147483647;
			files = (
			);
			runOnlyForDeploymentPostprocessing = 0;
		};
/* End PBXFrameworksBuildPhase section */

/* Begin PBXGroup section */
		B3FBF4A1E30E1701CAE669EB /* Products */ = {
			isa = PBXGroup;
			children = (
				B3FBF42BEA0E4D727961641B /* MTPrivilegedHelper */,
			);
			name = Products;
			sourceTree = "<group>";
		};
		B3FBF847F405487E7ECC205F /* MTPrivilegedHelper */ = {
			isa = PBXGroup;
			children = (
				B3FBFA24379AE65721F32107 /* main.m */,
				B3FBFED0C8D628FC143D88BD /* MTPrivilegedHelper-Info.plist */,
				B3FBFC34FAF8D2AA87DC457D /* MTPrivilegedHelper-Launchd.plist */,
			);
			path = MTPrivilegedHelper;
			sourceTree = "<group>";
		};
		B3FBFC71EF49AED616B23A32 = {
			isa = PBXGroup;
			children = (
				B3FBF4A1E30E1701CAE669EB /* Products */,
				B3FBF847F405487E7ECC205F /* MTPrivilegedHelper */,
			);
			sourceTree = "<group>";
		};
/* End PBXGroup section */

/* Begin PBXNativeTarget section */
		B3FBF738E4D81B6EA78FDB0F /* MTPrivilegedHelper */ = {
			isa = PBXNativeTarget;
			buildConfigurationList = B3FBF19B6A0A13BF060E54FE /* Build configuration list for PBXNativeTarget "MTPrivilegedHelper" */;
			buildPhases = (
				B3FBFE336092A46BA083A4F5 /* Sources */,
				B3FBFB0E82863C2127043243 /* Frameworks */,
				B3FBF27B67D6C0D8A92FD7EF /* CopyFiles */,
			);
			buildRules = (
			);
			dependencies = (
			);
			name = MTPrivilegedHelper;
			productName = MTPrivilegedHelper;
			productReference = B3FBF42BEA0E4D727961641B /* MTPrivilegedHelper */;
			productType = "com.apple.product-type.tool";
		};
/* End PBXNativeTarget section */

/* Begin PBXProject section */
		B3FBF93C7BA258D9CC97F388 /* Project object */ = {
			isa = PBXProject;
			attributes = {
				ORGANIZATIONNAME = "Everyday Programming Genius";
			};
			buildConfigurationList = B3FBFEDAEB67F2698CB45A3B /* Build configuration list for PBXProject "MTPrivilegedHelper" */;
			compatibilityVersion = "Xcode 3.2";
			developmentRegion = English;
			hasScannedForEncodings = 0;
			knownRegions = (
				en,
			);
			mainGroup = B3FBFC71EF49AED616B23A32;
			productRefGroup = B3FBF4A1E30E1701CAE669EB /* Products */;
			projectDirPath = "";
			projectRoot = "";
			targets = (
				B3FBF738E4D81B6EA78FDB0F /* MTPrivilegedHelper */,
			);
		};
/* End PBXProject section */

/* Begin PBXSourcesBuildPhase section */
		B3FBFE336092A46BA083A4F5 /* Sources */ = {
			isa = PBXSourcesBuildPhase;
			buildActionMask = 2147483647;
			files = (
				B3FBFECB4EB88E6C05994AC6 /* main.m in Sources */,
			);
			runOnlyForDeploymentPostprocessing = 0;
		};
/* End PBXSourcesBuildPhase section */

/* Begin XCBuildConfiguration section */
		B3FBF11A56ADF325A5DAFE9D /* Release */ = {
			isa = XCBuildConfiguration;
			buildSettings = {
				CLANG_ENABLE_OBJC_ARC = NO;
				CODE_SIGN_IDENTITY = "Developer ID Application: Eric Henderson (SKWXXEM822)";
				INFOPLIST_PREPROCESS = YES;
				INFOPLIST_PREPROCESSOR_DEFINITIONS = (
					SMJOBBLESS_RELEASE,
				);
				MACOSX_DEPLOYMENT_TARGET = 10.9;
				OTHER_LDFLAGS = (
					"-sectcreate",
					__TEXT,
					__info_plist,
					"MTPrivilegedHelper/MTPrivilegedHelper-Info.plist",
					"-sectcreate",
					__TEXT,
					__launchd_plist,
					"MTPrivilegedHelper/MTPrivilegedHelper-Launchd.plist",
				);
				PRODUCT_NAME = "us.myepg.MemoryTamer.$(TARGET_NAME)";
				SDKROOT = macosx10.9;
			};
			name = Release;
		};
		B3FBF378580DFCDB6D621A39 /* Release */ = {
			isa = XCBuildConfiguration;
			buildSettings = {
				ALWAYS_SEARCH_USER_PATHS = NO;
				CLANG_CXX_LANGUAGE_STANDARD = "gnu++0x";
				CLANG_CXX_LIBRARY = "libc++";
				CLANG_ENABLE_MODULES = YES;
				CLANG_ENABLE_OBJC_ARC = YES;
				CLANG_WARN_BOOL_CONVERSION = YES;
				CLANG_WARN_CONSTANT_CONVERSION = YES;
				CLANG_WARN_DIRECT_OBJC_ISA_USAGE = YES_ERROR;
				CLANG_WARN_EMPTY_BODY = YES;
				CLANG_WARN_ENUM_CONVERSION = YES;
				CLANG_WARN_INT_CONVERSION = YES;
				CLANG_WARN_OBJC_ROOT_CLASS = YES_ERROR;
				CLANG_WARN_UNREACHABLE_CODE = YES;
				CLANG_WARN__DUPLICATE_METHOD_MATCH = YES;
				COPY_PHASE_STRIP = YES;
				DEBUG_INFORMATION_FORMAT = "dwarf-with-dsym";
				ENABLE_NS_ASSERTIONS = NO;
				ENABLE_STRICT_OBJC_MSGSEND = YES;
				GCC_C_LANGUAGE_STANDARD = gnu99;
				GCC_WARN_64_TO_32_BIT_CONVERSION = YES;
				GCC_WARN_ABOUT_RETURN_TYPE = YES_ERROR;
				GCC_WARN_UNDECLARED_SELECTOR = YES;
				GCC_WARN_UNINITIALIZED_AUTOS = YES_AGGRESSIVE;
				GCC_WARN_UNUSED_FUNCTION = YES;
				GCC_WARN_UNUSED_VARIABLE = YES;
				MACOSX_DEPLOYMENT_TARGET = 10.9;
				MTL_ENABLE_DEBUG_INFO = NO;
				SDKROOT = macosx10.9;
			};
			name = Release;
		};
		B3FBFB33F4062999D4ED07A6 /* Debug */ = {
			isa = XCBuildConfiguration;
			buildSettings = {
				CLANG_ENABLE_OBJC_ARC = NO;
				CODE_SIGN_IDENTITY = "Developer ID Application: Eric Henderson (SKWXXEM822)";
				INFOPLIST_PREPROCESS = YES;
				MACOSX_DEPLOYMENT_TARGET = 10.9;
				OTHER_LDFLAGS = (
					"-sectcreate",
					__TEXT,
					__info_plist,
					"MTPrivilegedHelper/MTPrivilegedHelper-Info.plist",
					"-sectcreate",
					__TEXT,
					__launchd_plist,
					"MTPrivilegedHelper/MTPrivilegedHelper-Launchd.plist",
				);
				PRODUCT_NAME = "us.myepg.MemoryTamer.$(TARGET_NAME)";
				SDKROOT = macosx10.9;
			};
			name = Debug;
		};
		B3FBFDA05E4DD437346BED39 /* Debug */ = {
			isa = XCBuildConfiguration;
			buildSettings = {
				ALWAYS_SEARCH_USER_PATHS = NO;
				CLANG_CXX_LANGUAGE_STANDARD = "gnu++0x";
				CLANG_CXX_LIBRARY = "libc++";
				CLANG_ENABLE_MODULES = YES;
				CLANG_ENABLE_OBJC_ARC = YES;
				CLANG_WARN_BOOL_CONVERSION = YES;
				CLANG_WARN_CONSTANT_CONVERSION = YES;
				CLANG_WARN_DIRECT_OBJC_ISA_USAGE = YES_ERROR;
				CLANG_WARN_EMPTY_BODY = YES;
				CLANG_WARN_ENUM_CONVERSION = YES;
				CLANG_WARN_INT_CONVERSION = YES;
				CLANG_WARN_OBJC_ROOT_CLASS = YES_ERROR;
				CLANG_WARN_UNREACHABLE_CODE = YES;
				CLANG_WARN__DUPLICATE_METHOD_MATCH = YES;
				COPY_PHASE_STRIP = NO;
				ENABLE_STRICT_OBJC_MSGSEND = YES;
				GCC_C_LANGUAGE_STANDARD = gnu99;
				GCC_DYNAMIC_NO_PIC = NO;
				GCC_OPTIMIZATION_LEVEL = 0;
				GCC_PREPROCESSOR_DEFINITIONS = (
					"DEBUG=1",
					"$(inherited)",
				);
				GCC_SYMBOLS_PRIVATE_EXTERN = NO;
				GCC_WARN_64_TO_32_BIT_CONVERSION = YES;
				GCC_WARN_ABOUT_RETURN_TYPE = YES_ERROR;
				GCC_WARN_UNDECLARED_SELECTOR = YES;
				GCC_WARN_UNINITIALIZED_AUTOS = YES_AGGRESSIVE;
				GCC_WARN_UNUSED_FUNCTION = YES;
				GCC_WARN_UNUSED_VARIABLE = YES;
				MACOSX_DEPLOYMENT_TARGET = 10.9;
				MTL_ENABLE_DEBUG_INFO = YES;
				ONLY_ACTIVE_ARCH = YES;
				SDKROOT = macosx10.9;
			};
			name = Debug;
		};
/* End XCBuildConfiguration section */

/* Begin XCConfigurationList section */
		B3FBF19B6A0A13BF060E54FE /* Build configuration list for PBXNativeTarget "MTPrivilegedHelper" */ = {
			isa = XCConfigurationList;
			buildConfigurations = (
				B3FBFB33F4062999D4ED07A6 /* Debug */,
				B3FBF11A56ADF325A5DAFE9D /* Release */,
			);
			defaultConfigurationIsVisible = 0;
		};
		B3FBFEDAEB67F2698CB45A3B /* Build configuration list for PBXProject "MTPrivilegedHelper" */ = {
			isa = XCConfigurationList;
			buildConfigurations = (
				B3FBFDA05E4DD437346BED39 /* Debug */,
				B3FBF378580DFCDB6D621A39 /* Release */,
			);
			defaultConfigurationIsVisible = 0;
			defaultConfigurationName = Release;
		};
/* End XCConfigurationList section */
	};
	rootObject = B3FBF93C7BA258D9CC97F388 /* Project object */;
}
