<?xml version="1.0" encoding="UTF-8"?>
<Scheme
   version = "1.3">
   <BuildAction>
      <BuildActionEntries>
         <BuildActionEntry
            buildForRunning = "YES">
            <BuildableReference
               BuildableIdentifier = "primary"
               BlueprintIdentifier = "B3FBF738E4D81B6EA78FDB0F"
               BuildableName = "MTPrivilegedHelper"
               BlueprintName = "MTPrivilegedHelper"
               ReferencedContainer = "container:MTPrivilegedHelper.xcodeproj">
            </BuildableReference>
         </BuildActionEntry>
      </BuildActionEntries>
   </BuildAction>
   <LaunchAction
      useCustomWorkingDirectory = "NO"
      buildConfiguration = "Debug">
      <BuildableProductRunnable>
         <BuildableReference
            BuildableIdentifier = "primary"
            BlueprintIdentifier = "B3FBF738E4D81B6EA78FDB0F"
            BuildableName = "MTPrivilegedHelper"
            BlueprintName = "MTPrivilegedHelper"
            ReferencedContainer = "container:MTPrivilegedHelper.xcodeproj">
         </BuildableReference>
      </BuildableProductRunnable>
   </LaunchAction>
</Scheme>
